// !$*UTF8*$!
{
	archiveVersion = 1;
	classes = {
	};
	objectVersion = 50;
	objects = {

/* Begin PBXBuildFile section */
		117B811425B49E9700268B88 /* GameFieldView.swift in Sources */ = {isa = PBXBuildFile; fileRef = 117B811325B49E9700268B88 /* GameFieldView.swift */; };
		1187602925B5A5700086804D /* GameControlView.xib in Resources */ = {isa = PBXBuildFile; fileRef = 1187602825B5A5700086804D /* GameControlView.xib */; };
		1187602B25B5D3360086804D /* GameControlViewClass.swift in Sources */ = {isa = PBXBuildFile; fileRef = 1187602A25B5D3360086804D /* GameControlViewClass.swift */; };
		1189EAE925B3380E007AEB83 /* AppDelegate.swift in Sources */ = {isa = PBXBuildFile; fileRef = 1189EAE825B3380E007AEB83 /* AppDelegate.swift */; };
		1189EAEB25B3380E007AEB83 /* SceneDelegate.swift in Sources */ = {isa = PBXBuildFile; fileRef = 1189EAEA25B3380E007AEB83 /* SceneDelegate.swift */; };
		1189EAED25B3380E007AEB83 /* ViewController.swift in Sources */ = {isa = PBXBuildFile; fileRef = 1189EAEC25B3380E007AEB83 /* ViewController.swift */; };
		1189EAF025B3380E007AEB83 /* Main.storyboard in Resources */ = {isa = PBXBuildFile; fileRef = 1189EAEE25B3380E007AEB83 /* Main.storyboard */; };
		1189EAF225B3380E007AEB83 /* Assets.xcassets in Resources */ = {isa = PBXBuildFile; fileRef = 1189EAF125B3380E007AEB83 /* Assets.xcassets */; };
		1189EAF525B3380E007AEB83 /* LaunchScreen.storyboard in Resources */ = {isa = PBXBuildFile; fileRef = 1189EAF325B3380E007AEB83 /* LaunchScreen.storyboard */; };
/* End PBXBuildFile section */

/* Begin PBXFileReference section */
		117B811325B49E9700268B88 /* GameFieldView.swift */ = {isa = PBXFileReference; lastKnownFileType = sourcecode.swift; path = GameFieldView.swift; sourceTree = "<group>"; };
		1187602825B5A5700086804D /* GameControlView.xib */ = {isa = PBXFileReference; lastKnownFileType = file.xib; path = GameControlView.xib; sourceTree = "<group>"; };
		1187602A25B5D3360086804D /* GameControlViewClass.swift */ = {isa = PBXFileReference; lastKnownFileType = sourcecode.swift; path = GameControlViewClass.swift; sourceTree = "<group>"; };
		1189EAE525B3380E007AEB83 /* TapGame.app */ = {isa = PBXFileReference; explicitFileType = wrapper.application; includeInIndex = 0; path = TapGame.app; sourceTree = BUILT_PRODUCTS_DIR; };
		1189EAE825B3380E007AEB83 /* AppDelegate.swift */ = {isa = PBXFileReference; lastKnownFileType = sourcecode.swift; path = AppDelegate.swift; sourceTree = "<group>"; };
		1189EAEA25B3380E007AEB83 /* SceneDelegate.swift */ = {isa = PBXFileReference; lastKnownFileType = sourcecode.swift; path = SceneDelegate.swift; sourceTree = "<group>"; };
		1189EAEC25B3380E007AEB83 /* ViewController.swift */ = {isa = PBXFileReference; lastKnownFileType = sourcecode.swift; path = ViewController.swift; sourceTree = "<group>"; };
		1189EAEF25B3380E007AEB83 /* Base */ = {isa = PBXFileReference; lastKnownFileType = file.storyboard; name = Base; path = Base.lproj/Main.storyboard; sourceTree = "<group>"; };
		1189EAF125B3380E007AEB83 /* Assets.xcassets */ = {isa = PBXFileReference; lastKnownFileType = folder.assetcatalog; path = Assets.xcassets; sourceTree = "<group>"; };
		1189EAF425B3380E007AEB83 /* Base */ = {isa = PBXFileReference; lastKnownFileType = file.storyboard; name = Base; path = Base.lproj/LaunchScreen.storyboard; sourceTree = "<group>"; };
		1189EAF625B3380E007AEB83 /* Info.plist */ = {isa = PBXFileReference; lastKnownFileType = text.plist.xml; path = Info.plist; sourceTree = "<group>"; };
/* End PBXFileReference section */

/* Begin PBXFrameworksBuildPhase section */
		1189EAE225B3380E007AEB83 /* Frameworks */ = {
			isa = PBXFrameworksBuildPhase;
			buildActionMask = 2147483647;
			files = (
			);
			runOnlyForDeploymentPostprocessing = 0;
		};
/* End PBXFrameworksBuildPhase section */

/* Begin PBXGroup section */
		1189EADC25B3380E007AEB83 = {
			isa = PBXGroup;
			children = (
				1189EAE725B3380E007AEB83 /* TapGame */,
				1189EAE625B3380E007AEB83 /* Products */,
			);
			sourceTree = "<group>";
		};
		1189EAE625B3380E007AEB83 /* Products */ = {
			isa = PBXGroup;
			children = (
				1189EAE525B3380E007AEB83 /* TapGame.app */,
			);
			name = Products;
			sourceTree = "<group>";
		};
		1189EAE725B3380E007AEB83 /* TapGame */ = {
			isa = PBXGroup;
			children = (
				1189EAE825B3380E007AEB83 /* AppDelegate.swift */,
				1189EAEA25B3380E007AEB83 /* SceneDelegate.swift */,
				1189EAEC25B3380E007AEB83 /* ViewController.swift */,
				1189EAEE25B3380E007AEB83 /* Main.storyboard */,
				1189EAF125B3380E007AEB83 /* Assets.xcassets */,
				1189EAF325B3380E007AEB83 /* LaunchScreen.storyboard */,
				1189EAF625B3380E007AEB83 /* Info.plist */,
				117B811325B49E9700268B88 /* GameFieldView.swift */,
				1187602825B5A5700086804D /* GameControlView.xib */,
				1187602A25B5D3360086804D /* GameControlViewClass.swift */,
			);
			path = TapGame;
			sourceTree = "<group>";
		};
/* End PBXGroup section */

/* Begin PBXNativeTarget section */
		1189EAE425B3380E007AEB83 /* TapGame */ = {
			isa = PBXNativeTarget;
			buildConfigurationList = 1189EAF925B3380E007AEB83 /* Build configuration list for PBXNativeTarget "TapGame" */;
			buildPhases = (
				1189EAE125B3380E007AEB83 /* Sources */,
				1189EAE225B3380E007AEB83 /* Frameworks */,
				1189EAE325B3380E007AEB83 /* Resources */,
			);
			buildRules = (
			);
			dependencies = (
			);
			name = TapGame;
			productName = TapGame;
			productReference = 1189EAE525B3380E007AEB83 /* TapGame.app */;
			productType = "com.apple.product-type.application";
		};
/* End PBXNativeTarget section */

/* Begin PBXProject section */
		1189EADD25B3380E007AEB83 /* Project object */ = {
			isa = PBXProject;
			attributes = {
				LastSwiftUpdateCheck = 1170;
				LastUpgradeCheck = 1170;
				ORGANIZATIONNAME = Vyacheslav;
				TargetAttributes = {
					1189EAE425B3380E007AEB83 = {
						CreatedOnToolsVersion = 11.7;
					};
				};
			};
			buildConfigurationList = 1189EAE025B3380E007AEB83 /* Build configuration list for PBXProject "TapGame" */;
			compatibilityVersion = "Xcode 9.3";
			developmentRegion = en;
			hasScannedForEncodings = 0;
			knownRegions = (
				en,
				Base,
			);
			mainGroup = 1189EADC25B3380E007AEB83;
			productRefGroup = 1189EAE625B3380E007AEB83 /* Products */;
			projectDirPath = "";
			projectRoot = "";
			targets = (
				1189EAE425B3380E007AEB83 /* TapGame */,
			);
		};
/* End PBXProject section */

/* Begin PBXResourcesBuildPhase section */
		1189EAE325B3380E007AEB83 /* Resources */ = {
			isa = PBXResourcesBuildPhase;
			buildActionMask = 2147483647;
			files = (
				1189EAF525B3380E007AEB83 /* LaunchScreen.storyboard in Resources */,
				1189EAF225B3380E007AEB83 /* Assets.xcassets in Resources */,
				1187602925B5A5700086804D /* GameControlView.xib in Resources */,
				1189EAF025B3380E007AEB83 /* Main.storyboard in Resources */,
			);
			runOnlyForDeploymentPostprocessing = 0;
		};
/* End PBXResourcesBuildPhase section */

/* Begin PBXSourcesBuildPhase section */
		1189EAE125B3380E007AEB83 /* Sources */ = {
			isa = PBXSourcesBuildPhase;
			buildActionMask = 2147483647;
			files = (
				1189EAED25B3380E007AEB83 /* ViewController.swift in Sources */,
				1189EAE925B3380E007AEB83 /* AppDelegate.swift in Sources */,
				1189EAEB25B3380E007AEB83 /* SceneDelegate.swift in Sources */,
				117B811425B49E9700268B88 /* GameFieldView.swift in Sources */,
				1187602B25B5D3360086804D /* GameControlViewClass.swift in Sources */,
			);
			runOnlyForDeploymentPostprocessing = 0;
		};
/* End PBXSourcesBuildPhase section */

/* Begin PBXVariantGroup section */
		1189EAEE25B3380E007AEB83 /* Main.storyboard */ = {
			isa = PBXVariantGroup;
			children = (
				1189EAEF25B3380E007AEB83 /* Base */,
			);
			name = Main.storyboard;
			sourceTree = "<group>";
		};
		1189EAF325B3380E007AEB83 /* LaunchScreen.storyboard */ = {
			isa = PBXVariantGroup;
			children = (
				1189EAF425B3380E007AEB83 /* Base */,
			);
			name = LaunchScreen.storyboard;
			sourceTree = "<group>";
		};
/* End PBXVariantGroup section */

/* Begin XCBuildConfiguration section */
		1189EAF725B3380E007AEB83 /* Debug */ = {
			isa = XCBuildConfiguration;
			buildSettings = {
				ALWAYS_SEARCH_USER_PATHS = NO;
				CLANG_ANALYZER_NONNULL = YES;
				CLANG_ANALYZER_NUMBER_OBJECT_CONVERSION = YES_AGGRESSIVE;
				CLANG_CXX_LANGUAGE_STANDARD = "gnu++14";
				CLANG_CXX_LIBRARY = "libc++";
				CLANG_ENABLE_MODULES = YES;
				CLANG_ENABLE_OBJC_ARC = YES;
				CLANG_ENABLE_OBJC_WEAK = YES;
				CLANG_WARN_BLOCK_CAPTURE_AUTORELEASING = YES;
				CLANG_WARN_BOOL_CONVERSION = YES;
				CLANG_WARN_COMMA = YES;
				CLANG_WARN_CONSTANT_CONVERSION = YES;
				CLANG_WARN_DEPRECATED_OBJC_IMPLEMENTATIONS = YES;
				CLANG_WARN_DIRECT_OBJC_ISA_USAGE = YES_ERROR;
				CLANG_WARN_DOCUMENTATION_COMMENTS = YES;
				CLANG_WARN_EMPTY_BODY = YES;
				CLANG_WARN_ENUM_CONVERSION = YES;
				CLANG_WARN_INFINITE_RECURSION = YES;
				CLANG_WARN_INT_CONVERSION = YES;
				CLANG_WARN_NON_LITERAL_NULL_CONVERSION = YES;
				CLANG_WARN_OBJC_IMPLICIT_RETAIN_SELF = YES;
				CLANG_WARN_OBJC_LITERAL_CONVERSION = YES;
				CLANG_WARN_OBJC_ROOT_CLASS = YES_ERROR;
				CLANG_WARN_RANGE_LOOP_ANALYSIS = YES;
				CLANG_WARN_STRICT_PROTOTYPES = YES;
				CLANG_WARN_SUSPICIOUS_MOVE = YES;
				CLANG_WARN_UNGUARDED_AVAILABILITY = YES_AGGRESSIVE;
				CLANG_WARN_UNREACHABLE_CODE = YES;
				CLANG_WARN__DUPLICATE_METHOD_MATCH = YES;
				COPY_PHASE_STRIP = NO;
				DEBUG_INFORMATION_FORMAT = dwarf;
				ENABLE_STRICT_OBJC_MSGSEND = YES;
				ENABLE_TESTABILITY = YES;
				GCC_C_LANGUAGE_STANDARD = gnu11;
				GCC_DYNAMIC_NO_PIC = NO;
				GCC_NO_COMMON_BLOCKS = YES;
				GCC_OPTIMIZATION_LEVEL = 0;
				GCC_PREPROCESSOR_DEFINITIONS = (
					"DEBUG=1",
					"$(inherited)",
				);
				GCC_WARN_64_TO_32_BIT_CONVERSION = YES;
				GCC_WARN_ABOUT_RETURN_TYPE = YES_ERROR;
				GCC_WARN_UNDECLARED_SELECTOR = YES;
				GCC_WARN_UNINITIALIZED_AUTOS = YES_AGGRESSIVE;
				GCC_WARN_UNUSED_FUNCTION = YES;
				GCC_WARN_UNUSED_VARIABLE = YES;
				IPHONEOS_DEPLOYMENT_TARGET = 13.7;
				MTL_ENABLE_DEBUG_INFO = INCLUDE_SOURCE;
				MTL_FAST_MATH = YES;
				ONLY_ACTIVE_ARCH = YES;
				SDKROOT = iphoneos;
				SWIFT_ACTIVE_COMPILATION_CONDITIONS = DEBUG;
				SWIFT_OPTIMIZATION_LEVEL = "-Onone";
			};
			name = Debug;
		};
		1189EAF825B3380E007AEB83 /* Release */ = {
			isa = XCBuildConfiguration;
			buildSettings = {
				ALWAYS_SEARCH_USER_PATHS = NO;
				CLANG_ANALYZER_NONNULL = YES;
				CLANG_ANALYZER_NUMBER_OBJECT_CONVERSION = YES_AGGRESSIVE;
				CLANG_CXX_LANGUAGE_STANDARD = "gnu++14";
				CLANG_CXX_LIBRARY = "libc++";
				CLANG_ENABLE_MODULES = YES;
				CLANG_ENABLE_OBJC_ARC = YES;
				CLANG_ENABLE_OBJC_WEAK = YES;
				CLANG_WARN_BLOCK_CAPTURE_AUTORELEASING = YES;
				CLANG_WARN_BOOL_CONVERSION = YES;
				CLANG_WARN_COMMA = YES;
				CLANG_WARN_CONSTANT_CONVERSION = YES;
				CLANG_WARN_DEPRECATED_OBJC_IMPLEMENTATIONS = YES;
				CLANG_WARN_DIRECT_OBJC_ISA_USAGE = YES_ERROR;
				CLANG_WARN_DOCUMENTATION_COMMENTS = YES;
				CLANG_WARN_EMPTY_BODY = YES;
				CLANG_WARN_ENUM_CONVERSION = YES;
				CLANG_WARN_INFINITE_RECURSION = YES;
				CLANG_WARN_INT_CONVERSION = YES;
				CLANG_WARN_NON_LITERAL_NULL_CONVERSION = YES;
				CLANG_WARN_OBJC_IMPLICIT_RETAIN_SELF = YES;
				CLANG_WARN_OBJC_LITERAL_CONVERSION = YES;
				CLANG_WARN_OBJC_ROOT_CLASS = YES_ERROR;
				CLANG_WARN_RANGE_LOOP_ANALYSIS = YES;
				CLANG_WARN_STRICT_PROTOTYPES = YES;
				CLANG_WARN_SUSPICIOUS_MOVE = YES;
				CLANG_WARN_UNGUARDED_AVAILABILITY = YES_AGGRESSIVE;
				CLANG_WARN_UNREACHABLE_CODE = YES;
				CLANG_WARN__DUPLICATE_METHOD_MATCH = YES;
				COPY_PHASE_STRIP = NO;
				DEBUG_INFORMATION_FORMAT = "dwarf-with-dsym";
				ENABLE_NS_ASSERTIONS = NO;
				ENABLE_STRICT_OBJC_MSGSEND = YES;
				GCC_C_LANGUAGE_STANDARD = gnu11;
				GCC_NO_COMMON_BLOCKS = YES;
				GCC_WARN_64_TO_32_BIT_CONVERSION = YES;
				GCC_WARN_ABOUT_RETURN_TYPE = YES_ERROR;
				GCC_WARN_UNDECLARED_SELECTOR = YES;
				GCC_WARN_UNINITIALIZED_AUTOS = YES_AGGRESSIVE;
				GCC_WARN_UNUSED_FUNCTION = YES;
				GCC_WARN_UNUSED_VARIABLE = YES;
				IPHONEOS_DEPLOYMENT_TARGET = 13.7;
				MTL_ENABLE_DEBUG_INFO = NO;
				MTL_FAST_MATH = YES;
				SDKROOT = iphoneos;
				SWIFT_COMPILATION_MODE = wholemodule;
				SWIFT_OPTIMIZATION_LEVEL = "-O";
				VALIDATE_PRODUCT = YES;
			};
			name = Release;
		};
		1189EAFA25B3380E007AEB83 /* Debug */ = {
			isa = XCBuildConfiguration;
			buildSettings = {
				ASSETCATALOG_COMPILER_APPICON_NAME = AppIcon;
				CODE_SIGN_STYLE = Automatic;
				DEVELOPMENT_TEAM = UJZYX3522H;
				INFOPLIST_FILE = TapGame/Info.plist;
				LD_RUNPATH_SEARCH_PATHS = (
					"$(inherited)",
					"@executable_path/Frameworks",
				);
				PRODUCT_BUNDLE_IDENTIFIER = Vyacheslav.TapGame;
				PRODUCT_NAME = "$(TARGET_NAME)";
				SWIFT_VERSION = 5.0;
				TARGETED_DEVICE_FAMILY = "1,2";
			};
			name = Debug;
		};
		1189EAFB25B3380E007AEB83 /* Release */ = {
			isa = XCBuildConfiguration;
			buildSettings = {
				ASSETCATALOG_COMPILER_APPICON_NAME = AppIcon;
				CODE_SIGN_STYLE = Automatic;
				DEVELOPMENT_TEAM = UJZYX3522H;
				INFOPLIST_FILE = TapGame/Info.plist;
				LD_RUNPATH_SEARCH_PATHS = (
					"$(inherited)",
					"@executable_path/Frameworks",
				);
				PRODUCT_BUNDLE_IDENTIFIER = Vyacheslav.TapGame;
				PRODUCT_NAME = "$(TARGET_NAME)";
				SWIFT_VERSION = 5.0;
				TARGETED_DEVICE_FAMILY = "1,2";
			};
			name = Release;
		};
/* End XCBuildConfiguration section */

/* Begin XCConfigurationList section */
		1189EAE025B3380E007AEB83 /* Build configuration list for PBXProject "TapGame" */ = {
			isa = XCConfigurationList;
			buildConfigurations = (
				1189EAF725B3380E007AEB83 /* Debug */,
				1189EAF825B3380E007AEB83 /* Release */,
			);
			defaultConfigurationIsVisible = 0;
			defaultConfigurationName = Release;
		};
		1189EAF925B3380E007AEB83 /* Build configuration list for PBXNativeTarget "TapGame" */ = {
			isa = XCConfigurationList;
			buildConfigurations = (
				1189EAFA25B3380E007AEB83 /* Debug */,
				1189EAFB25B3380E007AEB83 /* Release */,
			);
			defaultConfigurationIsVisible = 0;
			defaultConfigurationName = Release;
		};
/* End XCConfigurationList section */
	};
	rootObject = 1189EADD25B3380E007AEB83 /* Project object */;
}
